
Microsoft Visual Studio Solution File, Format Version 12.00
# Visual Studio 15
VisualStudioVersion = 15.0.27428.2043
MinimumVisualStudioVersion = 10.0.40219.1
Project("{FAE04EC0-301F-11D3-BF4B-00C04F79EFBC}") = "PicInfo", "PicInfo.csproj", "{4E2C2A19-3766-4F07-8874-CD48FCB0300D}"
EndProject
Global
	GlobalSection(SolutionConfigurationPlatforms) = preSolution
		Debug|Any CPU = Debug|Any CPU
		Release|Any CPU = Release|Any CPU
	EndGlobalSection
	GlobalSection(ProjectConfigurationPlatforms) = postSolution
		{4E2C2A19-3766-4F07-8874-CD48FCB0300D}.Debug|Any CPU.ActiveCfg = Debug|Any CPU
		{4E2C2A19-3766-4F07-8874-CD48FCB0300D}.Debug|Any CPU.Build.0 = Debug|Any CPU
		{4E2C2A19-3766-4F07-8874-CD48FCB0300D}.Release|Any CPU.ActiveCfg = Release|Any CPU
		{4E2C2A19-3766-4F07-8874-CD48FCB0300D}.Release|Any CPU.Build.0 = Release|Any CPU
	EndGlobalSection
	GlobalSection(SolutionProperties) = preSolution
		HideSolutionNode = FALSE
	EndGlobalSection
	GlobalSection(ExtensibilityGlobals) = postSolution
		SolutionGuid = {861AC798-4409-4EE6-B0C9-C91C9F5786EB}
	EndGlobalSection
EndGlobal
